<?xml version="1.0" encoding="utf-8"?>
<Project ToolsVersion="4.0" xmlns="http://schemas.microsoft.com/developer/msbuild/2003">
  <ItemGroup>
    <ClCompile Include="src\main.cpp" />
    <ClCompile Include="libs\glad\src\glad.c" />
    <ClCompile Include="src\Renderer\ShaderProgram.cpp" />
    <ClCompile Include="src\Renderer\Texture.cpp" />
    <ClCompile Include="src\Core\Utils.cpp" />
    <ClCompile Include="src\Renderer\Camera.cpp" />
    <ClCompile Include="src\Core\InputManager.cpp" />
    <ClCompile Include="src\Renderer\Mesh.cpp" />
    <ClCompile Include="src\Renderer\ObjParser.cpp" />
    <ClCompile Include="src\Renderer\Model.cpp" />
  </ItemGroup>
  <ItemGroup>
    <ClInclude Include="src\Renderer\ShaderProgram.h" />
    <ClInclude Include="libs\stb\stb_image.h" />
    <ClInclude Include="src\Renderer\Texture.h" />
    <ClInclude Include="src\Core\Utils.h" />
    <ClInclude Include="src\Renderer\Camera.h" />
    <ClInclude Include="src\Core\InputManager.h" />
    <ClInclude Include="src\Renderer\Mesh.h" />
    <ClInclude Include="src\Renderer\ObjParser.h" />
    <ClInclude Include="src\Renderer\Model.h" />
  </ItemGroup>
</Project>